// !$*UTF8*$!
{
	archiveVersion = 1;
	classes = {
	};
	objectVersion = 46;
	objects = {

/* Begin PBXBuildFile section */
		BDDF3BFC19E0E9AF0042C394 /* main.m in Sources */ = {isa = PBXBuildFile; fileRef = BDDF3BFB19E0E9AF0042C394 /* main.m */; };
		BDDF3BFF19E0E9AF0042C394 /* AppDelegate.m in Sources */ = {isa = PBXBuildFile; fileRef = BDDF3BFE19E0E9AF0042C394 /* AppDelegate.m */; };
		BDDF3C0219E0E9AF0042C394 /* ViewController.m in Sources */ = {isa = PBXBuildFile; fileRef = BDDF3C0119E0E9AF0042C394 /* ViewController.m */; };
		BDDF3C0519E0E9AF0042C394 /* Main.storyboard in Resources */ = {isa = PBXBuildFile; fileRef = BDDF3C0319E0E9AF0042C394 /* Main.storyboard */; };
		BDDF3C0719E0E9AF0042C394 /* Images.xcassets in Resources */ = {isa = PBXBuildFile; fileRef = BDDF3C0619E0E9AF0042C394 /* Images.xcassets */; };
		BDDF3C0A19E0E9AF0042C394 /* LaunchScreen.xib in Resources */ = {isa = PBXBuildFile; fileRef = BDDF3C0819E0E9AF0042C394 /* LaunchScreen.xib */; };
		BDDF3C1619E0E9AF0042C394 /* Reading_GlassTests.m in Sources */ = {isa = PBXBuildFile; fileRef = BDDF3C1519E0E9AF0042C394 /* Reading_GlassTests.m */; };
/* End PBXBuildFile section */

/* Begin PBXContainerItemProxy section */
		BDDF3C1019E0E9AF0042C394 /* PBXContainerItemProxy */ = {
			isa = PBXContainerItemProxy;
			containerPortal = BDDF3BEE19E0E9AF0042C394 /* Project object */;
			proxyType = 1;
			remoteGlobalIDString = BDDF3BF519E0E9AF0042C394;
			remoteInfo = "Reading Glass";
		};
/* End PBXContainerItemProxy section */

/* Begin PBXFileReference section */
		BDDF3BF619E0E9AF0042C394 /* Reading Glass.app */ = {isa = PBXFileReference; explicitFileType = wrapper.application; includeInIndex = 0; path = "Reading Glass.app"; sourceTree = BUILT_PRODUCTS_DIR; };
		BDDF3BFA19E0E9AF0042C394 /* Info.plist */ = {isa = PBXFileReference; lastKnownFileType = text.plist.xml; path = Info.plist; sourceTree = "<group>"; };
		BDDF3BFB19E0E9AF0042C394 /* main.m */ = {isa = PBXFileReference; lastKnownFileType = sourcecode.c.objc; path = main.m; sourceTree = "<group>"; };
		BDDF3BFD19E0E9AF0042C394 /* AppDelegate.h */ = {isa = PBXFileReference; lastKnownFileType = sourcecode.c.h; path = AppDelegate.h; sourceTree = "<group>"; };
		BDDF3BFE19E0E9AF0042C394 /* AppDelegate.m */ = {isa = PBXFileReference; lastKnownFileType = sourcecode.c.objc; path = AppDelegate.m; sourceTree = "<group>"; };
		BDDF3C0019E0E9AF0042C394 /* ViewController.h */ = {isa = PBXFileReference; lastKnownFileType = sourcecode.c.h; path = ViewController.h; sourceTree = "<group>"; };
		BDDF3C0119E0E9AF0042C394 /* ViewController.m */ = {isa = PBXFileReference; lastKnownFileType = sourcecode.c.objc; path = ViewController.m; sourceTree = "<group>"; };
		BDDF3C0419E0E9AF0042C394 /* Base */ = {isa = PBXFileReference; lastKnownFileType = file.storyboard; name = Base; path = Base.lproj/Main.storyboard; sourceTree = "<group>"; };
		BDDF3C0619E0E9AF0042C394 /* Images.xcassets */ = {isa = PBXFileReference; lastKnownFileType = folder.assetcatalog; path = Images.xcassets; sourceTree = "<group>"; };
		BDDF3C0919E0E9AF0042C394 /* Base */ = {isa = PBXFileReference; lastKnownFileType = file.xib; name = Base; path = Base.lproj/LaunchScreen.xib; sourceTree = "<group>"; };
		BDDF3C0F19E0E9AF0042C394 /* Reading GlassTests.xctest */ = {isa = PBXFileReference; explicitFileType = wrapper.cfbundle; includeInIndex = 0; path = "Reading GlassTests.xctest"; sourceTree = BUILT_PRODUCTS_DIR; };
		BDDF3C1419E0E9AF0042C394 /* Info.plist */ = {isa = PBXFileReference; lastKnownFileType = text.plist.xml; path = Info.plist; sourceTree = "<group>"; };
		BDDF3C1519E0E9AF0042C394 /* Reading_GlassTests.m */ = {isa = PBXFileReference; lastKnownFileType = sourcecode.c.objc; path = Reading_GlassTests.m; sourceTree = "<group>"; };
/* End PBXFileReference section */

/* Begin PBXFrameworksBuildPhase section */
		BDDF3BF319E0E9AF0042C394 /* Frameworks */ = {
			isa = PBXFrameworksBuildPhase;
			buildActionMask = 2147483647;
			files = (
			);
			runOnlyForDeploymentPostprocessing = 0;
		};
		BDDF3C0C19E0E9AF0042C394 /* Frameworks */ = {
			isa = PBXFrameworksBuildPhase;
			buildActionMask = 2147483647;
			files = (
			);
			runOnlyForDeploymentPostprocessing = 0;
		};
/* End PBXFrameworksBuildPhase section */

/* Begin PBXGroup section */
		BDDF3BED19E0E9AF0042C394 = {
			isa = PBXGroup;
			children = (
				BDDF3BF819E0E9AF0042C394 /* Reading Glass */,
				BDDF3C1219E0E9AF0042C394 /* Reading GlassTests */,
				BDDF3BF719E0E9AF0042C394 /* Products */,
			);
			sourceTree = "<group>";
		};
		BDDF3BF719E0E9AF0042C394 /* Products */ = {
			isa = PBXGroup;
			children = (
				BDDF3BF619E0E9AF0042C394 /* Reading Glass.app */,
				BDDF3C0F19E0E9AF0042C394 /* Reading GlassTests.xctest */,
			);
			name = Products;
			sourceTree = "<group>";
		};
		BDDF3BF819E0E9AF0042C394 /* Reading Glass */ = {
			isa = PBXGroup;
			children = (
				BDDF3BFD19E0E9AF0042C394 /* AppDelegate.h */,
				BDDF3BFE19E0E9AF0042C394 /* AppDelegate.m */,
				BDDF3C0019E0E9AF0042C394 /* ViewController.h */,
				BDDF3C0119E0E9AF0042C394 /* ViewController.m */,
				BDDF3C0319E0E9AF0042C394 /* Main.storyboard */,
				BDDF3C0619E0E9AF0042C394 /* Images.xcassets */,
				BDDF3C0819E0E9AF0042C394 /* LaunchScreen.xib */,
				BDDF3BF919E0E9AF0042C394 /* Supporting Files */,
			);
			path = "Reading Glass";
			sourceTree = "<group>";
		};
		BDDF3BF919E0E9AF0042C394 /* Supporting Files */ = {
			isa = PBXGroup;
			children = (
				BDDF3BFA19E0E9AF0042C394 /* Info.plist */,
				BDDF3BFB19E0E9AF0042C394 /* main.m */,
			);
			name = "Supporting Files";
			sourceTree = "<group>";
		};
		BDDF3C1219E0E9AF0042C394 /* Reading GlassTests */ = {
			isa = PBXGroup;
			children = (
				BDDF3C1519E0E9AF0042C394 /* Reading_GlassTests.m */,
				BDDF3C1319E0E9AF0042C394 /* Supporting Files */,
			);
			path = "Reading GlassTests";
			sourceTree = "<group>";
		};
		BDDF3C1319E0E9AF0042C394 /* Supporting Files */ = {
			isa = PBXGroup;
			children = (
				BDDF3C1419E0E9AF0042C394 /* Info.plist */,
			);
			name = "Supporting Files";
			sourceTree = "<group>";
		};
/* End PBXGroup section */

/* Begin PBXNativeTarget section */
		BDDF3BF519E0E9AF0042C394 /* Reading Glass */ = {
			isa = PBXNativeTarget;
			buildConfigurationList = BDDF3C1919E0E9AF0042C394 /* Build configuration list for PBXNativeTarget "Reading Glass" */;
			buildPhases = (
				BDDF3BF219E0E9AF0042C394 /* Sources */,
				BDDF3BF319E0E9AF0042C394 /* Frameworks */,
				BDDF3BF419E0E9AF0042C394 /* Resources */,
			);
			buildRules = (
			);
			dependencies = (
			);
			name = "Reading Glass";
			productName = "Reading Glass";
			productReference = BDDF3BF619E0E9AF0042C394 /* Reading Glass.app */;
			productType = "com.apple.product-type.application";
		};
		BDDF3C0E19E0E9AF0042C394 /* Reading GlassTests */ = {
			isa = PBXNativeTarget;
			buildConfigurationList = BDDF3C1C19E0E9AF0042C394 /* Build configuration list for PBXNativeTarget "Reading GlassTests" */;
			buildPhases = (
				BDDF3C0B19E0E9AF0042C394 /* Sources */,
				BDDF3C0C19E0E9AF0042C394 /* Frameworks */,
				BDDF3C0D19E0E9AF0042C394 /* Resources */,
			);
			buildRules = (
			);
			dependencies = (
				BDDF3C1119E0E9AF0042C394 /* PBXTargetDependency */,
			);
			name = "Reading GlassTests";
			productName = "Reading GlassTests";
			productReference = BDDF3C0F19E0E9AF0042C394 /* Reading GlassTests.xctest */;
			productType = "com.apple.product-type.bundle.unit-test";
		};
/* End PBXNativeTarget section */

/* Begin PBXProject section */
		BDDF3BEE19E0E9AF0042C394 /* Project object */ = {
			isa = PBXProject;
			attributes = {
				LastUpgradeCheck = 0600;
				ORGANIZATIONNAME = "Aperture Engineering";
				TargetAttributes = {
					BDDF3BF519E0E9AF0042C394 = {
						CreatedOnToolsVersion = 6.0.1;
					};
					BDDF3C0E19E0E9AF0042C394 = {
						CreatedOnToolsVersion = 6.0.1;
						TestTargetID = BDDF3BF519E0E9AF0042C394;
					};
				};
			};
			buildConfigurationList = BDDF3BF119E0E9AF0042C394 /* Build configuration list for PBXProject "Reading Glass" */;
			compatibilityVersion = "Xcode 3.2";
			developmentRegion = English;
			hasScannedForEncodings = 0;
			knownRegions = (
				en,
				Base,
			);
			mainGroup = BDDF3BED19E0E9AF0042C394;
			productRefGroup = BDDF3BF719E0E9AF0042C394 /* Products */;
			projectDirPath = "";
			projectRoot = "";
			targets = (
				BDDF3BF519E0E9AF0042C394 /* Reading Glass */,
				BDDF3C0E19E0E9AF0042C394 /* Reading GlassTests */,
			);
		};
/* End PBXProject section */

/* Begin PBXResourcesBuildPhase section */
		BDDF3BF419E0E9AF0042C394 /* Resources */ = {
			isa = PBXResourcesBuildPhase;
			buildActionMask = 2147483647;
			files = (
				BDDF3C0519E0E9AF0042C394 /* Main.storyboard in Resources */,
				BDDF3C0A19E0E9AF0042C394 /* LaunchScreen.xib in Resources */,
				BDDF3C0719E0E9AF0042C394 /* Images.xcassets in Resources */,
			);
			runOnlyForDeploymentPostprocessing = 0;
		};
		BDDF3C0D19E0E9AF0042C394 /* Resources */ = {
			isa = PBXResourcesBuildPhase;
			buildActionMask = 2147483647;
			files = (
			);
			runOnlyForDeploymentPostprocessing = 0;
		};
/* End PBXResourcesBuildPhase section */

/* Begin PBXSourcesBuildPhase section */
		BDDF3BF219E0E9AF0042C394 /* Sources */ = {
			isa = PBXSourcesBuildPhase;
			buildActionMask = 2147483647;
			files = (
				BDDF3C0219E0E9AF0042C394 /* ViewController.m in Sources */,
				BDDF3BFF19E0E9AF0042C394 /* AppDelegate.m in Sources */,
				BDDF3BFC19E0E9AF0042C394 /* main.m in Sources */,
			);
			runOnlyForDeploymentPostprocessing = 0;
		};
		BDDF3C0B19E0E9AF0042C394 /* Sources */ = {
			isa = PBXSourcesBuildPhase;
			buildActionMask = 2147483647;
			files = (
				BDDF3C1619E0E9AF0042C394 /* Reading_GlassTests.m in Sources */,
			);
			runOnlyForDeploymentPostprocessing = 0;
		};
/* End PBXSourcesBuildPhase section */

/* Begin PBXTargetDependency section */
		BDDF3C1119E0E9AF0042C394 /* PBXTargetDependency */ = {
			isa = PBXTargetDependency;
			target = BDDF3BF519E0E9AF0042C394 /* Reading Glass */;
			targetProxy = BDDF3C1019E0E9AF0042C394 /* PBXContainerItemProxy */;
		};
/* End PBXTargetDependency section */

/* Begin PBXVariantGroup section */
		BDDF3C0319E0E9AF0042C394 /* Main.storyboard */ = {
			isa = PBXVariantGroup;
			children = (
				BDDF3C0419E0E9AF0042C394 /* Base */,
			);
			name = Main.storyboard;
			sourceTree = "<group>";
		};
		BDDF3C0819E0E9AF0042C394 /* LaunchScreen.xib */ = {
			isa = PBXVariantGroup;
			children = (
				BDDF3C0919E0E9AF0042C394 /* Base */,
			);
			name = LaunchScreen.xib;
			sourceTree = "<group>";
		};
/* End PBXVariantGroup section */

/* Begin XCBuildConfiguration section */
		BDDF3C1719E0E9AF0042C394 /* Debug */ = {
			isa = XCBuildConfiguration;
			buildSettings = {
				ALWAYS_SEARCH_USER_PATHS = NO;
				CLANG_CXX_LANGUAGE_STANDARD = "gnu++0x";
				CLANG_CXX_LIBRARY = "libc++";
				CLANG_ENABLE_MODULES = YES;
				CLANG_ENABLE_OBJC_ARC = YES;
				CLANG_WARN_BOOL_CONVERSION = YES;
				CLANG_WARN_CONSTANT_CONVERSION = YES;
				CLANG_WARN_DIRECT_OBJC_ISA_USAGE = YES_ERROR;
				CLANG_WARN_EMPTY_BODY = YES;
				CLANG_WARN_ENUM_CONVERSION = YES;
				CLANG_WARN_INT_CONVERSION = YES;
				CLANG_WARN_OBJC_ROOT_CLASS = YES_ERROR;
				CLANG_WARN_UNREACHABLE_CODE = YES;
				CLANG_WARN__DUPLICATE_METHOD_MATCH = YES;
				"CODE_SIGN_IDENTITY[sdk=iphoneos*]" = "iPhone Developer";
				COPY_PHASE_STRIP = NO;
				ENABLE_STRICT_OBJC_MSGSEND = YES;
				GCC_C_LANGUAGE_STANDARD = gnu99;
				GCC_DYNAMIC_NO_PIC = NO;
				GCC_OPTIMIZATION_LEVEL = 0;
				GCC_PREPROCESSOR_DEFINITIONS = (
					"DEBUG=1",
					"$(inherited)",
				);
				GCC_SYMBOLS_PRIVATE_EXTERN = NO;
				GCC_WARN_64_TO_32_BIT_CONVERSION = YES;
				GCC_WARN_ABOUT_RETURN_TYPE = YES_ERROR;
				GCC_WARN_UNDECLARED_SELECTOR = YES;
				GCC_WARN_UNINITIALIZED_AUTOS = YES_AGGRESSIVE;
				GCC_WARN_UNUSED_FUNCTION = YES;
				GCC_WARN_UNUSED_VARIABLE = YES;
				IPHONEOS_DEPLOYMENT_TARGET = 8.0;
				MTL_ENABLE_DEBUG_INFO = YES;
				ONLY_ACTIVE_ARCH = YES;
				SDKROOT = iphoneos;
			};
			name = Debug;
		};
		BDDF3C1819E0E9AF0042C394 /* Release */ = {
			isa = XCBuildConfiguration;
			buildSettings = {
				ALWAYS_SEARCH_USER_PATHS = NO;
				CLANG_CXX_LANGUAGE_STANDARD = "gnu++0x";
				CLANG_CXX_LIBRARY = "libc++";
				CLANG_ENABLE_MODULES = YES;
				CLANG_ENABLE_OBJC_ARC = YES;
				CLANG_WARN_BOOL_CONVERSION = YES;
				CLANG_WARN_CONSTANT_CONVERSION = YES;
				CLANG_WARN_DIRECT_OBJC_ISA_USAGE = YES_ERROR;
				CLANG_WARN_EMPTY_BODY = YES;
				CLANG_WARN_ENUM_CONVERSION = YES;
				CLANG_WARN_INT_CONVERSION = YES;
				CLANG_WARN_OBJC_ROOT_CLASS = YES_ERROR;
				CLANG_WARN_UNREACHABLE_CODE = YES;
				CLANG_WARN__DUPLICATE_METHOD_MATCH = YES;
				"CODE_SIGN_IDENTITY[sdk=iphoneos*]" = "iPhone Developer";
				COPY_PHASE_STRIP = YES;
				ENABLE_NS_ASSERTIONS = NO;
				ENABLE_STRICT_OBJC_MSGSEND = YES;
				GCC_C_LANGUAGE_STANDARD = gnu99;
				GCC_WARN_64_TO_32_BIT_CONVERSION = YES;
				GCC_WARN_ABOUT_RETURN_TYPE = YES_ERROR;
				GCC_WARN_UNDECLARED_SELECTOR = YES;
				GCC_WARN_UNINITIALIZED_AUTOS = YES_AGGRESSIVE;
				GCC_WARN_UNUSED_FUNCTION = YES;
				GCC_WARN_UNUSED_VARIABLE = YES;
				IPHONEOS_DEPLOYMENT_TARGET = 8.0;
				MTL_ENABLE_DEBUG_INFO = NO;
				SDKROOT = iphoneos;
				VALIDATE_PRODUCT = YES;
			};
			name = Release;
		};
		BDDF3C1A19E0E9AF0042C394 /* Debug */ = {
			isa = XCBuildConfiguration;
			buildSettings = {
				ASSETCATALOG_COMPILER_APPICON_NAME = AppIcon;
				INFOPLIST_FILE = "Reading Glass/Info.plist";
				LD_RUNPATH_SEARCH_PATHS = "$(inherited) @executable_path/Frameworks";
				PRODUCT_NAME = "$(TARGET_NAME)";
			};
			name = Debug;
		};
		BDDF3C1B19E0E9AF0042C394 /* Release */ = {
			isa = XCBuildConfiguration;
			buildSettings = {
				ASSETCATALOG_COMPILER_APPICON_NAME = AppIcon;
				INFOPLIST_FILE = "Reading Glass/Info.plist";
				LD_RUNPATH_SEARCH_PATHS = "$(inherited) @executable_path/Frameworks";
				PRODUCT_NAME = "$(TARGET_NAME)";
			};
			name = Release;
		};
		BDDF3C1D19E0E9AF0042C394 /* Debug */ = {
			isa = XCBuildConfiguration;
			buildSettings = {
				BUNDLE_LOADER = "$(TEST_HOST)";
				FRAMEWORK_SEARCH_PATHS = (
					"$(SDKROOT)/Developer/Library/Frameworks",
					"$(inherited)",
				);
				GCC_PREPROCESSOR_DEFINITIONS = (
					"DEBUG=1",
					"$(inherited)",
				);
				INFOPLIST_FILE = "Reading GlassTests/Info.plist";
				LD_RUNPATH_SEARCH_PATHS = "$(inherited) @executable_path/Frameworks @loader_path/Frameworks";
				PRODUCT_NAME = "$(TARGET_NAME)";
				TEST_HOST = "$(BUILT_PRODUCTS_DIR)/Reading Glass.app/Reading Glass";
			};
			name = Debug;
		};
		BDDF3C1E19E0E9AF0042C394 /* Release */ = {
			isa = XCBuildConfiguration;
			buildSettings = {
				BUNDLE_LOADER = "$(TEST_HOST)";
				FRAMEWORK_SEARCH_PATHS = (
					"$(SDKROOT)/Developer/Library/Frameworks",
					"$(inherited)",
				);
				INFOPLIST_FILE = "Reading GlassTests/Info.plist";
				LD_RUNPATH_SEARCH_PATHS = "$(inherited) @executable_path/Frameworks @loader_path/Frameworks";
				PRODUCT_NAME = "$(TARGET_NAME)";
				TEST_HOST = "$(BUILT_PRODUCTS_DIR)/Reading Glass.app/Reading Glass";
			};
			name = Release;
		};
/* End XCBuildConfiguration section */

/* Begin XCConfigurationList section */
		BDDF3BF119E0E9AF0042C394 /* Build configuration list for PBXProject "Reading Glass" */ = {
			isa = XCConfigurationList;
			buildConfigurations = (
				BDDF3C1719E0E9AF0042C394 /* Debug */,
				BDDF3C1819E0E9AF0042C394 /* Release */,
			);
			defaultConfigurationIsVisible = 0;
			defaultConfigurationName = Release;
		};
		BDDF3C1919E0E9AF0042C394 /* Build configuration list for PBXNativeTarget "Reading Glass" */ = {
			isa = XCConfigurationList;
			buildConfigurations = (
				BDDF3C1A19E0E9AF0042C394 /* Debug */,
				BDDF3C1B19E0E9AF0042C394 /* Release */,
			);
			defaultConfigurationIsVisible = 0;
		};
		BDDF3C1C19E0E9AF0042C394 /* Build configuration list for PBXNativeTarget "Reading GlassTests" */ = {
			isa = XCConfigurationList;
			buildConfigurations = (
				BDDF3C1D19E0E9AF0042C394 /* Debug */,
				BDDF3C1E19E0E9AF0042C394 /* Release */,
			);
			defaultConfigurationIsVisible = 0;
		};
/* End XCConfigurationList section */
	};
	rootObject = BDDF3BEE19E0E9AF0042C394 /* Project object */;
}
